// !$*UTF8*$!
{
	archiveVersion = 1;
	classes = {
	};
	objectVersion = 48;
	objects = {

/* Begin PBXBuildFile section */
		231C32B8206F147D00718179 /* MethodTraceConfig.plist in Resources */ = {isa = PBXBuildFile; fileRef = 231C32B7206F147D00718179 /* MethodTraceConfig.plist */; };
		231C32BB206F147D00718179 /* put ipa or app here in Resources */ = {isa = PBXBuildFile; fileRef = 231C32BA206F147D00718179 /* put ipa or app here */; };
		231C32C3206F147D00718179 /* libWeChatTDylib.dylib in CopyFiles */ = {isa = PBXBuildFile; fileRef = 231C32C2206F147D00718179 /* libWeChatTDylib.dylib */; settings = {ATTRIBUTES = (CodeSignOnCopy, ); }; };
		231C32C8206F147D00718179 /* Cycript.framework in Frameworks */ = {isa = PBXBuildFile; fileRef = 231C32C7206F147D00718179 /* Cycript.framework */; };
		231C32CA206F147D00718179 /* JavaScriptCore.framework in Frameworks */ = {isa = PBXBuildFile; fileRef = 231C32C9206F147D00718179 /* JavaScriptCore.framework */; };
		231C32CC206F147D00718179 /* RevealServer.framework in Frameworks */ = {isa = PBXBuildFile; fileRef = 231C32CB206F147D00718179 /* RevealServer.framework */; };
		231C32CE206F147D00718179 /* Foundation.framework in Frameworks */ = {isa = PBXBuildFile; fileRef = 231C32CD206F147D00718179 /* Foundation.framework */; };
		231C32D0206F147D00718179 /* UIKit.framework in Frameworks */ = {isa = PBXBuildFile; fileRef = 231C32CF206F147D00718179 /* UIKit.framework */; };
		231C32D4206F147D00718179 /* ANYMethodLog.h in Headers */ = {isa = PBXBuildFile; fileRef = 231C32D3206F147D00718179 /* ANYMethodLog.h */; };
		231C32D6206F147D00718179 /* ANYMethodLog.m in Sources */ = {isa = PBXBuildFile; fileRef = 231C32D5206F147D00718179 /* ANYMethodLog.m */; };
		231C32D8206F147D00718179 /* MethodTrace.h in Headers */ = {isa = PBXBuildFile; fileRef = 231C32D7206F147D00718179 /* MethodTrace.h */; };
		231C32DA206F147D00718179 /* MethodTrace.m in Sources */ = {isa = PBXBuildFile; fileRef = 231C32D9206F147D00718179 /* MethodTrace.m */; };
		231C32DF206F147D00718179 /* AntiAntiDebug.m in Sources */ = {isa = PBXBuildFile; fileRef = 231C32DE206F147D00718179 /* AntiAntiDebug.m */; };
		231C32E2206F147D00718179 /* fishhook.c in Sources */ = {isa = PBXBuildFile; fileRef = 231C32E1206F147D00718179 /* fishhook.c */; };
		231C32E4206F147D00718179 /* fishhook.h in Headers */ = {isa = PBXBuildFile; fileRef = 231C32E3206F147D00718179 /* fishhook.h */; };
		231C32E7206F147D00718179 /* WeChatTDylib.mm in Sources */ = {isa = PBXBuildFile; fileRef = 231C32E6206F147D00718179 /* WeChatTDylib.mm */; };
		231C32E9206F147D00718179 /* WeChatTDylib.h in Headers */ = {isa = PBXBuildFile; fileRef = 231C32E8206F147D00718179 /* WeChatTDylib.h */; };
		231C32EB206F147D00718179 /* WeChatTDylib.m in Sources */ = {isa = PBXBuildFile; fileRef = 231C32EA206F147D00718179 /* WeChatTDylib.m */; };
		231C32F6206F147D00718179 /* WeChatHeader.h in Headers */ = {isa = PBXBuildFile; fileRef = 231C32F4206F147D00718179 /* WeChatHeader.h */; };
		231C32F7206F147D00718179 /* WeChatHeader.m in Sources */ = {isa = PBXBuildFile; fileRef = 231C32F5206F147D00718179 /* WeChatHeader.m */; };
		2343AE84206F5D5B00DA8407 /* WeChatSaveData.h in Headers */ = {isa = PBXBuildFile; fileRef = 2343AE82206F5D5B00DA8407 /* WeChatSaveData.h */; };
		2343AE85206F5D5B00DA8407 /* WeChatSaveData.m in Sources */ = {isa = PBXBuildFile; fileRef = 2343AE83206F5D5B00DA8407 /* WeChatSaveData.m */; };
		2343AE89206F5D5B00DA8407 /* teachset.jpg in Resources */ = {isa = PBXBuildFile; fileRef = 2343AE88206F5D5B00DA8407 /* teachset.jpg */; };
/* End PBXBuildFile section */

/* Begin PBXContainerItemProxy section */
		231C32C4206F147D00718179 /* PBXContainerItemProxy */ = {
			isa = PBXContainerItemProxy;
			containerPortal = 231C32A9206F147D00718179 /* Project object */;
			proxyType = 1;
			remoteGlobalIDString = 231C32C1206F147D00718179;
			remoteInfo = WeChatTDylib;
		};
/* End PBXContainerItemProxy section */

/* Begin PBXCopyFilesBuildPhase section */
		231C32B1206F147D00718179 /* CopyFiles */ = {
			isa = PBXCopyFilesBuildPhase;
			buildActionMask = 2147483647;
			dstPath = "";
			dstSubfolderSpec = 10;
			files = (
				231C32C3206F147D00718179 /* libWeChatTDylib.dylib in CopyFiles */,
			);
			runOnlyForDeploymentPostprocessing = 0;
		};
/* End PBXCopyFilesBuildPhase section */

/* Begin PBXFileReference section */
		231C32B4206F147D00718179 /* WeChatT.app */ = {isa = PBXFileReference; explicitFileType = wrapper.application; includeInIndex = 0; path = WeChatT.app; sourceTree = BUILT_PRODUCTS_DIR; };
		231C32B7206F147D00718179 /* MethodTraceConfig.plist */ = {isa = PBXFileReference; lastKnownFileType = text.plist.xml; path = MethodTraceConfig.plist; sourceTree = "<group>"; };
		231C32BA206F147D00718179 /* put ipa or app here */ = {isa = PBXFileReference; lastKnownFileType = text; name = "put ipa or app here"; path = "TargetApp/put ipa or app here"; sourceTree = "<group>"; };
		231C32BC206F147D00718179 /* Info.plist */ = {isa = PBXFileReference; lastKnownFileType = text.plist.xml; path = Info.plist; sourceTree = "<group>"; };
		231C32C2206F147D00718179 /* libWeChatTDylib.dylib */ = {isa = PBXFileReference; explicitFileType = "compiled.mach-o.dylib"; includeInIndex = 0; path = libWeChatTDylib.dylib; sourceTree = BUILT_PRODUCTS_DIR; };
		231C32C7206F147D00718179 /* Cycript.framework */ = {isa = PBXFileReference; lastKnownFileType = wrapper.framework; name = Cycript.framework; path = Library/Frameworks/Cycript.framework; sourceTree = DEVELOPER_DIR; };
		231C32C9206F147D00718179 /* JavaScriptCore.framework */ = {isa = PBXFileReference; lastKnownFileType = wrapper.framework; name = JavaScriptCore.framework; path = System/Library/Frameworks/JavaScriptCore.framework; sourceTree = SDKROOT; };
		231C32CB206F147D00718179 /* RevealServer.framework */ = {isa = PBXFileReference; lastKnownFileType = wrapper.framework; name = RevealServer.framework; path = Library/Frameworks/RevealServer.framework; sourceTree = DEVELOPER_DIR; };
		231C32CD206F147D00718179 /* Foundation.framework */ = {isa = PBXFileReference; lastKnownFileType = wrapper.framework; name = Foundation.framework; path = System/Library/Frameworks/Foundation.framework; sourceTree = SDKROOT; };
		231C32CF206F147D00718179 /* UIKit.framework */ = {isa = PBXFileReference; lastKnownFileType = wrapper.framework; name = UIKit.framework; path = System/Library/Frameworks/UIKit.framework; sourceTree = SDKROOT; };
		231C32D3206F147D00718179 /* ANYMethodLog.h */ = {isa = PBXFileReference; lastKnownFileType = sourcecode.c.h; name = ANYMethodLog.h; path = MethodTrace/ANYMethodLog.h; sourceTree = "<group>"; };
		231C32D5206F147D00718179 /* ANYMethodLog.m */ = {isa = PBXFileReference; lastKnownFileType = sourcecode.c.objc; name = ANYMethodLog.m; path = MethodTrace/ANYMethodLog.m; sourceTree = "<group>"; };
		231C32D7206F147D00718179 /* MethodTrace.h */ = {isa = PBXFileReference; lastKnownFileType = sourcecode.c.h; name = MethodTrace.h; path = MethodTrace/MethodTrace.h; sourceTree = "<group>"; };
		231C32D9206F147D00718179 /* MethodTrace.m */ = {isa = PBXFileReference; lastKnownFileType = sourcecode.c.objc; name = MethodTrace.m; path = MethodTrace/MethodTrace.m; sourceTree = "<group>"; };
		231C32DC206F147D00718179 /* WeChatTDylib-Prefix.pch */ = {isa = PBXFileReference; lastKnownFileType = sourcecode.c.h; path = "WeChatTDylib-Prefix.pch"; sourceTree = "<group>"; };
		231C32DE206F147D00718179 /* AntiAntiDebug.m */ = {isa = PBXFileReference; lastKnownFileType = sourcecode.c.objc; name = AntiAntiDebug.m; path = AntiAntiDebug/AntiAntiDebug.m; sourceTree = "<group>"; };
		231C32E1206F147D00718179 /* fishhook.c */ = {isa = PBXFileReference; lastKnownFileType = sourcecode.c.c; name = fishhook.c; path = fishhook/fishhook.c; sourceTree = "<group>"; };
		231C32E3206F147D00718179 /* fishhook.h */ = {isa = PBXFileReference; lastKnownFileType = sourcecode.c.h; name = fishhook.h; path = fishhook/fishhook.h; sourceTree = "<group>"; };
		231C32E5206F147D00718179 /* WeChatTDylib.xm */ = {isa = PBXFileReference; lastKnownFileType = sourcecode.cpp.objcpp; path = WeChatTDylib.xm; sourceTree = "<group>"; xcLanguageSpecificationIdentifier = xcode.lang.objcpp; };
		231C32E6206F147D00718179 /* WeChatTDylib.mm */ = {isa = PBXFileReference; lastKnownFileType = sourcecode.cpp.objcpp; path = WeChatTDylib.mm; sourceTree = "<group>"; };
		231C32E8206F147D00718179 /* WeChatTDylib.h */ = {isa = PBXFileReference; lastKnownFileType = sourcecode.c.h; path = WeChatTDylib.h; sourceTree = "<group>"; };
		231C32EA206F147D00718179 /* WeChatTDylib.m */ = {isa = PBXFileReference; lastKnownFileType = sourcecode.c.objc; path = WeChatTDylib.m; sourceTree = "<group>"; };
		231C32F4206F147D00718179 /* WeChatHeader.h */ = {isa = PBXFileReference; lastKnownFileType = sourcecode.c.h; path = WeChatHeader.h; sourceTree = "<group>"; };
		231C32F5206F147D00718179 /* WeChatHeader.m */ = {isa = PBXFileReference; lastKnownFileType = sourcecode.c.objc; path = WeChatHeader.m; sourceTree = "<group>"; };
		2343AE82206F5D5B00DA8407 /* WeChatSaveData.h */ = {isa = PBXFileReference; lastKnownFileType = sourcecode.c.h; path = WeChatSaveData.h; sourceTree = "<group>"; };
		2343AE83206F5D5B00DA8407 /* WeChatSaveData.m */ = {isa = PBXFileReference; lastKnownFileType = sourcecode.c.objc; path = WeChatSaveData.m; sourceTree = "<group>"; };
		2343AE88206F5D5B00DA8407 /* teachset.jpg */ = {isa = PBXFileReference; lastKnownFileType = image.jpeg; path = teachset.jpg; sourceTree = "<group>"; };
/* End PBXFileReference section */

/* Begin PBXFrameworksBuildPhase section */
		231C32AE206F147D00718179 /* Frameworks */ = {
			isa = PBXFrameworksBuildPhase;
			buildActionMask = 2147483647;
			files = (
			);
			runOnlyForDeploymentPostprocessing = 0;
		};
		231C32BF206F147D00718179 /* Frameworks */ = {
			isa = PBXFrameworksBuildPhase;
			buildActionMask = 2147483647;
			files = (
				231C32CA206F147D00718179 /* JavaScriptCore.framework in Frameworks */,
				231C32CC206F147D00718179 /* RevealServer.framework in Frameworks */,
				231C32C8206F147D00718179 /* Cycript.framework in Frameworks */,
				231C32CE206F147D00718179 /* Foundation.framework in Frameworks */,
				231C32D0206F147D00718179 /* UIKit.framework in Frameworks */,
			);
			runOnlyForDeploymentPostprocessing = 0;
		};
/* End PBXFrameworksBuildPhase section */

/* Begin PBXGroup section */
		231C32A8206F147D00718179 = {
			isa = PBXGroup;
			children = (
				231C32B6206F147D00718179 /* WeChatT */,
				231C32D1206F147D00718179 /* WeChatTDylib */,
				231C32C6206F147D00718179 /* Frameworks */,
				231C32B5206F147D00718179 /* Products */,
			);
			sourceTree = "<group>";
		};
		231C32B5206F147D00718179 /* Products */ = {
			isa = PBXGroup;
			children = (
				231C32B4206F147D00718179 /* WeChatT.app */,
				231C32C2206F147D00718179 /* libWeChatTDylib.dylib */,
			);
			name = Products;
			sourceTree = "<group>";
		};
		231C32B6206F147D00718179 /* WeChatT */ = {
			isa = PBXGroup;
			children = (
				231C32B7206F147D00718179 /* MethodTraceConfig.plist */,
				231C32BC206F147D00718179 /* Info.plist */,
				231C32B9206F147D00718179 /* TargetApp */,
			);
			path = WeChatT;
			sourceTree = "<group>";
		};
		231C32B9206F147D00718179 /* TargetApp */ = {
			isa = PBXGroup;
			children = (
				231C32BA206F147D00718179 /* put ipa or app here */,
			);
			name = TargetApp;
			sourceTree = "<group>";
		};
		231C32C6206F147D00718179 /* Frameworks */ = {
			isa = PBXGroup;
			children = (
				231C32C7206F147D00718179 /* Cycript.framework */,
				231C32C9206F147D00718179 /* JavaScriptCore.framework */,
				231C32CB206F147D00718179 /* RevealServer.framework */,
				231C32CD206F147D00718179 /* Foundation.framework */,
				231C32CF206F147D00718179 /* UIKit.framework */,
			);
			name = Frameworks;
			sourceTree = "<group>";
		};
		231C32D1206F147D00718179 /* WeChatTDylib */ = {
			isa = PBXGroup;
			children = (
				2343AE88206F5D5B00DA8407 /* teachset.jpg */,
				231C32E5206F147D00718179 /* WeChatTDylib.xm */,
				231C32E6206F147D00718179 /* WeChatTDylib.mm */,
				231C32E8206F147D00718179 /* WeChatTDylib.h */,
				231C32EA206F147D00718179 /* WeChatTDylib.m */,
				231C32F4206F147D00718179 /* WeChatHeader.h */,
				231C32F5206F147D00718179 /* WeChatHeader.m */,
				2343AE82206F5D5B00DA8407 /* WeChatSaveData.h */,
				2343AE83206F5D5B00DA8407 /* WeChatSaveData.m */,
				231C32D2206F147D00718179 /* MethodTrace */,
				231C32DD206F147D00718179 /* AntiAntiDebug */,
				231C32E0206F147D00718179 /* fishhook */,
				231C32DB206F147D00718179 /* Supporting Files */,
			);
			path = WeChatTDylib;
			sourceTree = "<group>";
		};
		231C32D2206F147D00718179 /* MethodTrace */ = {
			isa = PBXGroup;
			children = (
				231C32D3206F147D00718179 /* ANYMethodLog.h */,
				231C32D5206F147D00718179 /* ANYMethodLog.m */,
				231C32D7206F147D00718179 /* MethodTrace.h */,
				231C32D9206F147D00718179 /* MethodTrace.m */,
			);
			name = MethodTrace;
			sourceTree = "<group>";
		};
		231C32DB206F147D00718179 /* Supporting Files */ = {
			isa = PBXGroup;
			children = (
				231C32DC206F147D00718179 /* WeChatTDylib-Prefix.pch */,
			);
			name = "Supporting Files";
			sourceTree = "<group>";
		};
		231C32DD206F147D00718179 /* AntiAntiDebug */ = {
			isa = PBXGroup;
			children = (
				231C32DE206F147D00718179 /* AntiAntiDebug.m */,
			);
			name = AntiAntiDebug;
			sourceTree = "<group>";
		};
		231C32E0206F147D00718179 /* fishhook */ = {
			isa = PBXGroup;
			children = (
				231C32E1206F147D00718179 /* fishhook.c */,
				231C32E3206F147D00718179 /* fishhook.h */,
			);
			name = fishhook;
			sourceTree = "<group>";
		};
/* End PBXGroup section */

/* Begin PBXHeadersBuildPhase section */
		231C32C0206F147D00718179 /* Headers */ = {
			isa = PBXHeadersBuildPhase;
			buildActionMask = 2147483647;
			files = (
				231C32F6206F147D00718179 /* WeChatHeader.h in Headers */,
				231C32E9206F147D00718179 /* WeChatTDylib.h in Headers */,
				231C32D4206F147D00718179 /* ANYMethodLog.h in Headers */,
				2343AE84206F5D5B00DA8407 /* WeChatSaveData.h in Headers */,
				231C32D8206F147D00718179 /* MethodTrace.h in Headers */,
				231C32E4206F147D00718179 /* fishhook.h in Headers */,
			);
			runOnlyForDeploymentPostprocessing = 0;
		};
/* End PBXHeadersBuildPhase section */

/* Begin PBXNativeTarget section */
		231C32B3206F147D00718179 /* WeChatT */ = {
			isa = PBXNativeTarget;
			buildConfigurationList = 231C32F1206F147D00718179 /* Build configuration list for PBXNativeTarget "WeChatT" */;
			buildPhases = (
				231C32AD206F147D00718179 /* Sources */,
				231C32AE206F147D00718179 /* Frameworks */,
				231C32AF206F147D00718179 /* ShellScript */,
				231C32B0206F147D00718179 /* Resources */,
				231C32B1206F147D00718179 /* CopyFiles */,
				231C32B2206F147D00718179 /* ShellScript */,
			);
			buildRules = (
			);
			dependencies = (
				231C32C5206F147D00718179 /* PBXTargetDependency */,
			);
			name = WeChatT;
			productName = WeChatT;
			productReference = 231C32B4206F147D00718179 /* WeChatT.app */;
			productType = "com.apple.product-type.application";
		};
		231C32C1206F147D00718179 /* WeChatTDylib */ = {
			isa = PBXNativeTarget;
			buildConfigurationList = 231C32EE206F147D00718179 /* Build configuration list for PBXNativeTarget "WeChatTDylib" */;
			buildPhases = (
				231C32BD206F147D00718179 /* ShellScript */,
				231C32BE206F147D00718179 /* Sources */,
				231C32BF206F147D00718179 /* Frameworks */,
				231C32C0206F147D00718179 /* Headers */,
			);
			buildRules = (
			);
			dependencies = (
			);
			name = WeChatTDylib;
			productName = WeChatTDylib;
			productReference = 231C32C2206F147D00718179 /* libWeChatTDylib.dylib */;
			productType = "com.apple.product-type.library.dynamic";
		};
/* End PBXNativeTarget section */

/* Begin PBXProject section */
		231C32A9206F147D00718179 /* Project object */ = {
			isa = PBXProject;
			attributes = {
				LastUpgradeCheck = 0910;
				ORGANIZATIONNAME = "Wang,Suyan";
				TargetAttributes = {
					231C32B3206F147D00718179 = {
						CreatedOnToolsVersion = 9.1;
						ProvisioningStyle = Automatic;
					};
					231C32C1206F147D00718179 = {
						CreatedOnToolsVersion = 9.1;
						ProvisioningStyle = Automatic;
					};
				};
			};
			buildConfigurationList = 231C32AC206F147D00718179 /* Build configuration list for PBXProject "WeChatT" */;
			compatibilityVersion = "Xcode 8.0";
			developmentRegion = en;
			hasScannedForEncodings = 0;
			knownRegions = (
				en,
			);
			mainGroup = 231C32A8206F147D00718179;
			productRefGroup = 231C32B5206F147D00718179 /* Products */;
			projectDirPath = "";
			projectRoot = "";
			targets = (
				231C32B3206F147D00718179 /* WeChatT */,
				231C32C1206F147D00718179 /* WeChatTDylib */,
			);
		};
/* End PBXProject section */

/* Begin PBXResourcesBuildPhase section */
		231C32B0206F147D00718179 /* Resources */ = {
			isa = PBXResourcesBuildPhase;
			buildActionMask = 2147483647;
			files = (
				231C32BB206F147D00718179 /* put ipa or app here in Resources */,
				2343AE89206F5D5B00DA8407 /* teachset.jpg in Resources */,
				231C32B8206F147D00718179 /* MethodTraceConfig.plist in Resources */,
			);
			runOnlyForDeploymentPostprocessing = 0;
		};
/* End PBXResourcesBuildPhase section */

/* Begin PBXShellScriptBuildPhase section */
		231C32AF206F147D00718179 /* ShellScript */ = {
			isa = PBXShellScriptBuildPhase;
			buildActionMask = 2147483647;
			files = (
			);
			inputPaths = (
			);
			outputPaths = (
			);
			runOnlyForDeploymentPostprocessing = 0;
			shellPath = /bin/sh;
			shellScript = /opt/MonkeyDev/Tools/pack.sh;
		};
		231C32B2206F147D00718179 /* ShellScript */ = {
			isa = PBXShellScriptBuildPhase;
			buildActionMask = 2147483647;
			files = (
			);
			inputPaths = (
			);
			outputPaths = (
			);
			runOnlyForDeploymentPostprocessing = 0;
			shellPath = /bin/sh;
			shellScript = "/opt/MonkeyDev/Tools/pack.sh codesign";
		};
		231C32BD206F147D00718179 /* ShellScript */ = {
			isa = PBXShellScriptBuildPhase;
			buildActionMask = 2147483647;
			files = (
			);
			inputPaths = (
			);
			outputPaths = (
			);
			runOnlyForDeploymentPostprocessing = 0;
			shellPath = /bin/sh;
			shellScript = "/opt/MonkeyDev/bin/md --xcbp-logos";
		};
/* End PBXShellScriptBuildPhase section */

/* Begin PBXSourcesBuildPhase section */
		231C32AD206F147D00718179 /* Sources */ = {
			isa = PBXSourcesBuildPhase;
			buildActionMask = 2147483647;
			files = (
			);
			runOnlyForDeploymentPostprocessing = 0;
		};
		231C32BE206F147D00718179 /* Sources */ = {
			isa = PBXSourcesBuildPhase;
			buildActionMask = 2147483647;
			files = (
				2343AE85206F5D5B00DA8407 /* WeChatSaveData.m in Sources */,
				231C32DF206F147D00718179 /* AntiAntiDebug.m in Sources */,
				231C32F7206F147D00718179 /* WeChatHeader.m in Sources */,
				231C32EB206F147D00718179 /* WeChatTDylib.m in Sources */,
				231C32DA206F147D00718179 /* MethodTrace.m in Sources */,
				231C32E2206F147D00718179 /* fishhook.c in Sources */,
				231C32D6206F147D00718179 /* ANYMethodLog.m in Sources */,
				231C32E7206F147D00718179 /* WeChatTDylib.mm in Sources */,
			);
			runOnlyForDeploymentPostprocessing = 0;
		};
/* End PBXSourcesBuildPhase section */

/* Begin PBXTargetDependency section */
		231C32C5206F147D00718179 /* PBXTargetDependency */ = {
			isa = PBXTargetDependency;
			target = 231C32C1206F147D00718179 /* WeChatTDylib */;
			targetProxy = 231C32C4206F147D00718179 /* PBXContainerItemProxy */;
		};
/* End PBXTargetDependency section */

/* Begin XCBuildConfiguration section */
		231C32EC206F147D00718179 /* Debug */ = {
			isa = XCBuildConfiguration;
			buildSettings = {
				ALWAYS_SEARCH_USER_PATHS = NO;
				CLANG_ANALYZER_NONNULL = YES;
				CLANG_ANALYZER_NUMBER_OBJECT_CONVERSION = YES_AGGRESSIVE;
				CLANG_CXX_LANGUAGE_STANDARD = "gnu++14";
				CLANG_CXX_LIBRARY = "libc++";
				CLANG_ENABLE_MODULES = YES;
				CLANG_ENABLE_OBJC_ARC = YES;
				CLANG_WARN_BLOCK_CAPTURE_AUTORELEASING = YES;
				CLANG_WARN_BOOL_CONVERSION = YES;
				CLANG_WARN_COMMA = YES;
				CLANG_WARN_CONSTANT_CONVERSION = YES;
				CLANG_WARN_DIRECT_OBJC_ISA_USAGE = YES_ERROR;
				CLANG_WARN_DOCUMENTATION_COMMENTS = YES;
				CLANG_WARN_EMPTY_BODY = YES;
				CLANG_WARN_ENUM_CONVERSION = YES;
				CLANG_WARN_INFINITE_RECURSION = YES;
				CLANG_WARN_INT_CONVERSION = YES;
				CLANG_WARN_NON_LITERAL_NULL_CONVERSION = YES;
				CLANG_WARN_OBJC_LITERAL_CONVERSION = YES;
				CLANG_WARN_OBJC_ROOT_CLASS = YES_ERROR;
				CLANG_WARN_RANGE_LOOP_ANALYSIS = YES;
				CLANG_WARN_STRICT_PROTOTYPES = YES;
				CLANG_WARN_SUSPICIOUS_MOVE = YES;
				CLANG_WARN_UNGUARDED_AVAILABILITY = YES_AGGRESSIVE;
				CLANG_WARN_UNREACHABLE_CODE = YES;
				CLANG_WARN__DUPLICATE_METHOD_MATCH = YES;
				CODE_SIGN_IDENTITY = "iPhone Developer";
				COPY_PHASE_STRIP = NO;
				DEBUG_INFORMATION_FORMAT = dwarf;
				ENABLE_STRICT_OBJC_MSGSEND = YES;
				ENABLE_TESTABILITY = YES;
				GCC_C_LANGUAGE_STANDARD = gnu11;
				GCC_DYNAMIC_NO_PIC = NO;
				GCC_NO_COMMON_BLOCKS = YES;
				GCC_OPTIMIZATION_LEVEL = 0;
				GCC_PREPROCESSOR_DEFINITIONS = (
					"DEBUG=1",
					"$(inherited)",
				);
				GCC_WARN_64_TO_32_BIT_CONVERSION = YES;
				GCC_WARN_ABOUT_RETURN_TYPE = YES_ERROR;
				GCC_WARN_UNDECLARED_SELECTOR = YES;
				GCC_WARN_UNINITIALIZED_AUTOS = YES_AGGRESSIVE;
				GCC_WARN_UNUSED_FUNCTION = YES;
				GCC_WARN_UNUSED_VARIABLE = YES;
				IPHONEOS_DEPLOYMENT_TARGET = 8.0;
				MTL_ENABLE_DEBUG_INFO = YES;
				ONLY_ACTIVE_ARCH = YES;
				SDKROOT = iphoneos;
			};
			name = Debug;
		};
		231C32ED206F147D00718179 /* Release */ = {
			isa = XCBuildConfiguration;
			buildSettings = {
				ALWAYS_SEARCH_USER_PATHS = NO;
				CLANG_ANALYZER_NONNULL = YES;
				CLANG_ANALYZER_NUMBER_OBJECT_CONVERSION = YES_AGGRESSIVE;
				CLANG_CXX_LANGUAGE_STANDARD = "gnu++14";
				CLANG_CXX_LIBRARY = "libc++";
				CLANG_ENABLE_MODULES = YES;
				CLANG_ENABLE_OBJC_ARC = YES;
				CLANG_WARN_BLOCK_CAPTURE_AUTORELEASING = YES;
				CLANG_WARN_BOOL_CONVERSION = YES;
				CLANG_WARN_COMMA = YES;
				CLANG_WARN_CONSTANT_CONVERSION = YES;
				CLANG_WARN_DIRECT_OBJC_ISA_USAGE = YES_ERROR;
				CLANG_WARN_DOCUMENTATION_COMMENTS = YES;
				CLANG_WARN_EMPTY_BODY = YES;
				CLANG_WARN_ENUM_CONVERSION = YES;
				CLANG_WARN_INFINITE_RECURSION = YES;
				CLANG_WARN_INT_CONVERSION = YES;
				CLANG_WARN_NON_LITERAL_NULL_CONVERSION = YES;
				CLANG_WARN_OBJC_LITERAL_CONVERSION = YES;
				CLANG_WARN_OBJC_ROOT_CLASS = YES_ERROR;
				CLANG_WARN_RANGE_LOOP_ANALYSIS = YES;
				CLANG_WARN_STRICT_PROTOTYPES = YES;
				CLANG_WARN_SUSPICIOUS_MOVE = YES;
				CLANG_WARN_UNGUARDED_AVAILABILITY = YES_AGGRESSIVE;
				CLANG_WARN_UNREACHABLE_CODE = YES;
				CLANG_WARN__DUPLICATE_METHOD_MATCH = YES;
				CODE_SIGN_IDENTITY = "iPhone Developer";
				COPY_PHASE_STRIP = NO;
				DEBUG_INFORMATION_FORMAT = "dwarf-with-dsym";
				ENABLE_NS_ASSERTIONS = NO;
				ENABLE_STRICT_OBJC_MSGSEND = YES;
				GCC_C_LANGUAGE_STANDARD = gnu11;
				GCC_NO_COMMON_BLOCKS = YES;
				GCC_WARN_64_TO_32_BIT_CONVERSION = YES;
				GCC_WARN_ABOUT_RETURN_TYPE = YES_ERROR;
				GCC_WARN_UNDECLARED_SELECTOR = YES;
				GCC_WARN_UNINITIALIZED_AUTOS = YES_AGGRESSIVE;
				GCC_WARN_UNUSED_FUNCTION = YES;
				GCC_WARN_UNUSED_VARIABLE = YES;
				IPHONEOS_DEPLOYMENT_TARGET = 8.0;
				MTL_ENABLE_DEBUG_INFO = NO;
				SDKROOT = iphoneos;
				VALIDATE_PRODUCT = YES;
			};
			name = Release;
		};
		231C32EF206F147D00718179 /* Debug */ = {
			isa = XCBuildConfiguration;
			buildSettings = {
				CODE_SIGN_STYLE = Automatic;
				DEVELOPMENT_TEAM = D47CZT3KBD;
				DYLIB_COMPATIBILITY_VERSION = 1;
				DYLIB_CURRENT_VERSION = 1;
				ENABLE_BITCODE = NO;
				EXCLUDED_RECURSIVE_SEARCH_PATH_SUBDIRECTORIES = "*.nib *.lproj *.gch (*) .DS_Store CVS .svn .git .hg *.xcodeproj *.xcode *.pbproj *.pbxproj";
				EXECUTABLE_PREFIX = lib;
				FRAMEWORK_SEARCH_PATHS = (
					"$(inherited)",
					"$(MonkeyDevPath)/Frameworks/**",
					"$(MonkeyDevPath)/Librarys/**",
					"$(MonkeyDevTheosPath)/vendor/lib",
				);
				GCC_C_LANGUAGE_STANDARD = gnu99;
				GCC_PRECOMPILE_PREFIX_HEADER = YES;
				GCC_PREFIX_HEADER = "WeChatTDylib/WeChatTDylib-Prefix.pch";
				GCC_SYMBOLS_PRIVATE_EXTERN = NO;
				GCC_WARN_ABOUT_MISSING_PROTOTYPES = YES;
				GCC_WARN_ABOUT_RETURN_TYPE = YES;
				HEADER_SEARCH_PATHS = (
					"$(inherited)",
					"$(MonkeyDevPath)/include",
					"$(MonkeyDevTheosPath)/vendor/include/**",
				);
				INSTALL_PATH = "@executable_path/Frameworks/libWeChatTDylib.dylib";
				LD_RUNPATH_SEARCH_PATHS = "$(inherited) @executable_path/Frameworks";
				LIBRARY_SEARCH_PATHS = (
					"$(inherited)",
					"$(MonkeyDevPath)/Frameworks",
					"$(MonkeyDevTheosPath)/vendor/lib/**",
				);
				MonkeyDevPath = /opt/MonkeyDev;
				MonkeyDevTheosPath = /opt/theos;
				OTHER_CFLAGS = (
					"$(inherited)",
					"-DTHEOS_INSTANCE_NAME=\"\\\"WeChatTDylib\\\"\"",
				);
				OTHER_LDFLAGS = (
					"$(inherited)",
					"-weak_library",
					"/usr/lib/libc++.dylib",
					"-weak_library",
					"/usr/lib/libstdc++.dylib",
					"-lsubstrate",
				);
				PRODUCT_NAME = "$(TARGET_NAME)";
				TARGETED_DEVICE_FAMILY = "1,2";
				VALIDATE_PRODUCT = NO;
			};
			name = Debug;
		};
		231C32F0206F147D00718179 /* Release */ = {
			isa = XCBuildConfiguration;
			buildSettings = {
				CODE_SIGN_STYLE = Automatic;
				COPY_PHASE_STRIP = YES;
				DEVELOPMENT_TEAM = D47CZT3KBD;
				DYLIB_COMPATIBILITY_VERSION = 1;
				DYLIB_CURRENT_VERSION = 1;
				ENABLE_BITCODE = NO;
				EXCLUDED_RECURSIVE_SEARCH_PATH_SUBDIRECTORIES = "*.nib *.lproj *.gch (*) .DS_Store CVS .svn .git .hg *.xcodeproj *.xcode *.pbproj *.pbxproj";
				EXECUTABLE_PREFIX = lib;
				FRAMEWORK_SEARCH_PATHS = (
					"$(inherited)",
					"$(MonkeyDevPath)/Frameworks/**",
					"$(MonkeyDevPath)/Librarys/**",
					"$(MonkeyDevTheosPath)/vendor/lib",
				);
				GCC_C_LANGUAGE_STANDARD = gnu99;
				GCC_PRECOMPILE_PREFIX_HEADER = YES;
				GCC_PREFIX_HEADER = "WeChatTDylib/WeChatTDylib-Prefix.pch";
				GCC_WARN_ABOUT_MISSING_PROTOTYPES = YES;
				GCC_WARN_ABOUT_RETURN_TYPE = YES;
				HEADER_SEARCH_PATHS = (
					"$(inherited)",
					"$(MonkeyDevPath)/include",
					"$(MonkeyDevTheosPath)/vendor/include/**",
				);
				INSTALL_PATH = "@executable_path/Frameworks/libWeChatTDylib.dylib";
				LD_RUNPATH_SEARCH_PATHS = "$(inherited) @executable_path/Frameworks";
				LIBRARY_SEARCH_PATHS = (
					"$(inherited)",
					"$(MonkeyDevPath)/Frameworks",
					"$(MonkeyDevTheosPath)/vendor/lib/**",
				);
				MonkeyDevPath = /opt/MonkeyDev;
				MonkeyDevTheosPath = /opt/theos;
				OTHER_CFLAGS = (
					"$(inherited)",
					"-DTHEOS_INSTANCE_NAME=\"\\\"WeChatTDylib\\\"\"",
				);
				OTHER_LDFLAGS = (
					"$(inherited)",
					"-weak_library",
					"/usr/lib/libc++.dylib",
					"-weak_library",
					"/usr/lib/libstdc++.dylib",
					"-lsubstrate",
				);
				PRODUCT_NAME = "$(TARGET_NAME)";
				TARGETED_DEVICE_FAMILY = "1,2";
			};
			name = Release;
		};
		231C32F2206F147D00718179 /* Debug */ = {
			isa = XCBuildConfiguration;
			buildSettings = {
				CODE_SIGN_STYLE = Automatic;
				DEVELOPMENT_TEAM = D47CZT3KBD;
				ENABLE_BITCODE = NO;
				INFOPLIST_FILE = WeChatT/Info.plist;
				MONKEYDEV_CLASS_DUMP = NO;
				MONKEYDEV_RESTORE_SYMBOL = NO;
				PODS_CONFIGURATION_BUILD_DIR = "$BUILD_DIR/$(CONFIGURATION)$(EFFECTIVE_PLATFORM_NAME)";
				PODS_ROOT = "${SRCROOT}/Pods";
				PRODUCT_BUNDLE_IDENTIFIER = lefe.WeChatT;
				PRODUCT_NAME = "$(TARGET_NAME)";
				TARGETED_DEVICE_FAMILY = "1,2";
			};
			name = Debug;
		};
		231C32F3206F147D00718179 /* Release */ = {
			isa = XCBuildConfiguration;
			buildSettings = {
				CODE_SIGN_STYLE = Automatic;
				DEVELOPMENT_TEAM = D47CZT3KBD;
				ENABLE_BITCODE = NO;
				INFOPLIST_FILE = WeChatT/Info.plist;
				MONKEYDEV_CLASS_DUMP = NO;
				MONKEYDEV_RESTORE_SYMBOL = NO;
				PODS_CONFIGURATION_BUILD_DIR = "$BUILD_DIR/$(CONFIGURATION)$(EFFECTIVE_PLATFORM_NAME)";
				PODS_ROOT = "${SRCROOT}/Pods";
				PRODUCT_BUNDLE_IDENTIFIER = lefe.WeChatT;
				PRODUCT_NAME = "$(TARGET_NAME)";
				TARGETED_DEVICE_FAMILY = "1,2";
			};
			name = Release;
		};
/* End XCBuildConfiguration section */

/* Begin XCConfigurationList section */
		231C32AC206F147D00718179 /* Build configuration list for PBXProject "WeChatT" */ = {
			isa = XCConfigurationList;
			buildConfigurations = (
				231C32EC206F147D00718179 /* Debug */,
				231C32ED206F147D00718179 /* Release */,
			);
			defaultConfigurationIsVisible = 0;
			defaultConfigurationName = Release;
		};
		231C32EE206F147D00718179 /* Build configuration list for PBXNativeTarget "WeChatTDylib" */ = {
			isa = XCConfigurationList;
			buildConfigurations = (
				231C32EF206F147D00718179 /* Debug */,
				231C32F0206F147D00718179 /* Release */,
			);
			defaultConfigurationIsVisible = 0;
			defaultConfigurationName = Release;
		};
		231C32F1206F147D00718179 /* Build configuration list for PBXNativeTarget "WeChatT" */ = {
			isa = XCConfigurationList;
			buildConfigurations = (
				231C32F2206F147D00718179 /* Debug */,
				231C32F3206F147D00718179 /* Release */,
			);
			defaultConfigurationIsVisible = 0;
			defaultConfigurationName = Release;
		};
/* End XCConfigurationList section */
	};
	rootObject = 231C32A9206F147D00718179 /* Project object */;
}
